<?xml version="1.0" encoding="utf-8"?>
<Project ToolsVersion="4.0" xmlns="http://schemas.microsoft.com/developer/msbuild/2003">
  <ItemGroup>
    <Filter Include="src">
      <UniqueIdentifier>{4FC737F1-C7A5-4376-A066-2A32D752A2FF}</UniqueIdentifier>
      <Extensions>cpp;c;cc;cxx;def;odl;idl;hpj;bat;asm;asmx</Extensions>
    </Filter>
  </ItemGroup>
  <ItemGroup>
    <ClCompile Include="..\..\src\convgpx.c">
      <Filter>src</Filter>
    </ClCompile>
    <ClCompile Include="..\..\src\convkml.c">
      <Filter>src</Filter>
    </ClCompile>
    <ClCompile Include="..\..\src\convrnx.c">
      <Filter>src</Filter>
    </ClCompile>
    <ClCompile Include="..\..\src\datum.c">
      <Filter>src</Filter>
    </ClCompile>
    <ClCompile Include="..\..\src\download.c">
      <Filter>src</Filter>
    </ClCompile>
    <ClCompile Include="..\..\src\ephemeris.c">
      <Filter>src</Filter>
    </ClCompile>
    <ClCompile Include="..\..\src\geoid.c">
      <Filter>src</Filter>
    </ClCompile>
    <ClCompile Include="..\..\src\gis.c">
      <Filter>src</Filter>
    </ClCompile>
    <ClCompile Include="..\..\src\ionex.c">
      <Filter>src</Filter>
    </ClCompile>
    <ClCompile Include="..\..\src\lambda.c">
      <Filter>src</Filter>
    </ClCompile>
    <ClCompile Include="..\..\src\options.c">
      <Filter>src</Filter>
    </ClCompile>
    <ClCompile Include="..\..\src\pntpos.c">
      <Filter>src</Filter>
    </ClCompile>
    <ClCompile Include="..\..\src\postpos.c">
      <Filter>src</Filter>
    </ClCompile>
    <ClCompile Include="..\..\src\ppp.c">
      <Filter>src</Filter>
    </ClCompile>
    <ClCompile Include="..\..\src\ppp_ar.c">
      <Filter>src</Filter>
    </ClCompile>
    <ClCompile Include="..\..\src\ppp_corr.c">
      <Filter>src</Filter>
    </ClCompile>
    <ClCompile Include="..\..\src\preceph.c">
      <Filter>src</Filter>
    </ClCompile>
    <ClCompile Include="..\..\src\qzslex.c">
      <Filter>src</Filter>
    </ClCompile>
    <ClCompile Include="..\..\src\rcvraw.c">
      <Filter>src</Filter>
    </ClCompile>
    <ClCompile Include="..\..\src\rinex.c">
      <Filter>src</Filter>
    </ClCompile>
    <ClCompile Include="..\..\src\rtcm.c">
      <Filter>src</Filter>
    </ClCompile>
    <ClCompile Include="..\..\src\rtcm2.c">
      <Filter>src</Filter>
    </ClCompile>
    <ClCompile Include="..\..\src\rtcm3.c">
      <Filter>src</Filter>
    </ClCompile>
    <ClCompile Include="..\..\src\rtcm3e.c">
      <Filter>src</Filter>
    </ClCompile>
    <ClCompile Include="..\..\src\rtkcmn.c">
      <Filter>src</Filter>
    </ClCompile>
    <ClCompile Include="..\..\src\rtkpos.c">
      <Filter>src</Filter>
    </ClCompile>
    <ClCompile Include="..\..\src\rtksvr.c">
      <Filter>src</Filter>
    </ClCompile>
    <ClCompile Include="..\..\src\sbas.c">
      <Filter>src</Filter>
    </ClCompile>
    <ClCompile Include="..\..\src\solution.c">
      <Filter>src</Filter>
    </ClCompile>
    <ClCompile Include="..\..\src\stream.c">
      <Filter>src</Filter>
    </ClCompile>
    <ClCompile Include="..\..\src\streamsvr.c">
      <Filter>src</Filter>
    </ClCompile>
    <ClCompile Include="..\..\src\tides.c">
      <Filter>src</Filter>
    </ClCompile>
    <ClCompile Include="..\..\src\tle.c">
      <Filter>src</Filter>
    </ClCompile>
  </ItemGroup>
  <ItemGroup>
    <ClInclude Include="..\..\src\rtklib.h">
      <Filter>src</Filter>
    </ClInclude>
  </ItemGroup>
</Project>